
Microsoft Visual Studio Solution File, Format Version 12.00
# Visual Studio Version 16
VisualStudioVersion = 16.0.30330.147
MinimumVisualStudioVersion = 10.0.40219.1
Project("{FAE04EC0-301F-11D3-BF4B-00C04F79EFBC}") = "Group2.Znalytics.GreatOutDoors.PresentationLayer", "Group2.Znalytics.GreatOutDoors.PresentationLayer.csproj", "{7C068A47-492D-4EAA-8A0C-0A2539B81A20}"
EndProject
Global
	GlobalSection(SolutionConfigurationPlatforms) = preSolution
		Debug|Any CPU = Debug|Any CPU
		Release|Any CPU = Release|Any CPU
	EndGlobalSection
	GlobalSection(ProjectConfigurationPlatforms) = postSolution
		{7C068A47-492D-4EAA-8A0C-0A2539B81A20}.Debug|Any CPU.ActiveCfg = Debug|Any CPU
		{7C068A47-492D-4EAA-8A0C-0A2539B81A20}.Debug|Any CPU.Build.0 = Debug|Any CPU
		{7C068A47-492D-4EAA-8A0C-0A2539B81A20}.Release|Any CPU.ActiveCfg = Release|Any CPU
		{7C068A47-492D-4EAA-8A0C-0A2539B81A20}.Release|Any CPU.Build.0 = Release|Any CPU
	EndGlobalSection
	GlobalSection(SolutionProperties) = preSolution
		HideSolutionNode = FALSE
	EndGlobalSection
	GlobalSection(ExtensibilityGlobals) = postSolution
		SolutionGuid = {4346FDC8-5152-499D-868E-A5BE60DA9952}
	EndGlobalSection
EndGlobal
